
Microsoft Visual Studio Solution File, Format Version 12.00
# Visual Studio Version 16
VisualStudioVersion = 16.0.31129.286
MinimumVisualStudioVersion = 10.0.40219.1
Project("{FAE04EC0-301F-11D3-BF4B-00C04F79EFBC}") = "AspNetCoreDashboardApp", "AspNetCoreDashboardApp\AspNetCoreDashboardApp.csproj", "{F3661589-F932-4440-B931-6BBF7A14863F}"
EndProject
Global
	GlobalSection(SolutionConfigurationPlatforms) = preSolution
		Debug|Any CPU = Debug|Any CPU
		Release|Any CPU = Release|Any CPU
	EndGlobalSection
	GlobalSection(ProjectConfigurationPlatforms) = postSolution
		{F3661589-F932-4440-B931-6BBF7A14863F}.Debug|Any CPU.ActiveCfg = Debug|Any CPU
		{F3661589-F932-4440-B931-6BBF7A14863F}.Debug|Any CPU.Build.0 = Debug|Any CPU
		{F3661589-F932-4440-B931-6BBF7A14863F}.Release|Any CPU.ActiveCfg = Release|Any CPU
		{F3661589-F932-4440-B931-6BBF7A14863F}.Release|Any CPU.Build.0 = Release|Any CPU
	EndGlobalSection
	GlobalSection(SolutionProperties) = preSolution
		HideSolutionNode = FALSE
	EndGlobalSection
	GlobalSection(ExtensibilityGlobals) = postSolution
		SolutionGuid = {571160B1-78B1-4231-ABD0-57A52B3E3BB4}
	EndGlobalSection
EndGlobal
